{
  "requires": true,
  "lockfileVersion": 1,
  "dependencies": {
    "@11ty/eleventy-navigation": {
      "version": "0.1.5",
      "resolved": "https://registry.npmjs.org/@11ty/eleventy-navigation/-/eleventy-navigation-0.1.5.tgz",
      "integrity": "sha512-bZFJx/6seJ7HYfqbirbDNzc+UExNZk9areu5qEVHDuDByt0G7CR5W6J6YJG8WX2j5v8fXacJvWziOU5nW9Iitw==",
      "dev": true,
      "requires": {
        "dependency-graph": "^0.8.1"
      }
    },
    "dependency-graph": {
      "version": "0.8.1",
      "resolved": "https://registry.npmjs.org/dependency-graph/-/dependency-graph-0.8.1.tgz",
      "integrity": "sha512-g213uqF8fyk40W8SBjm079n3CZB4qSpCrA2ye1fLGzH/4HEgB6tzuW2CbLE7leb4t45/6h44Ud59Su1/ROTfqw==",
      "dev": true
    }
  }
}
